Microsoft Visual Studio Solution File, Format Version 11.00
# Visual Studio 2008

Project("{D9BEE20B-1EEA-54B0-F568-C642EA699F97}") = "AroundAgain", "Assembly-CSharp.csproj", "{DCC865D0-5FAB-E199-8677-2501BA8981D6}"
EndProject
Global
	GlobalSection(SolutionConfigurationPlatforms) = preSolution
		Debug|Any CPU = Debug|Any CPU
		Release|Any CPU = Release|Any CPU
	EndGlobalSection
	GlobalSection(ProjectConfigurationPlatforms) = postSolution
		{DCC865D0-5FAB-E199-8677-2501BA8981D6}.Debug|Any CPU.ActiveCfg = Debug|Any CPU
		{DCC865D0-5FAB-E199-8677-2501BA8981D6}.Debug|Any CPU.Build.0 = Debug|Any CPU
		{DCC865D0-5FAB-E199-8677-2501BA8981D6}.Release|Any CPU.ActiveCfg = Release|Any CPU
		{DCC865D0-5FAB-E199-8677-2501BA8981D6}.Release|Any CPU.Build.0 = Release|Any CPU
	EndGlobalSection
	GlobalSection(SolutionProperties) = preSolution
		HideSolutionNode = FALSE
	EndGlobalSection
	GlobalSection(MonoDevelopProperties) = preSolution
		StartupItem = Assembly-CSharp.csproj
	EndGlobalSection
EndGlobal
